
Microsoft Visual Studio Solution File, Format Version 12.00
# Visual Studio Version 16
VisualStudioVersion = 16.0.31424.327
MinimumVisualStudioVersion = 10.0.40219.1
Project("{FAE04EC0-301F-11D3-BF4B-00C04F79EFBC}") = "CsWin32GetJMorphResultTest", "CsWin32GetJMorphResultTest\CsWin32GetJMorphResultTest.csproj", "{CBA44936-5D10-48F1-BE0D-AF49640A9DA8}"
EndProject
Global
	GlobalSection(SolutionConfigurationPlatforms) = preSolution
		Debug|Any CPU = Debug|Any CPU
		Release|Any CPU = Release|Any CPU
	EndGlobalSection
	GlobalSection(ProjectConfigurationPlatforms) = postSolution
		{CBA44936-5D10-48F1-BE0D-AF49640A9DA8}.Debug|Any CPU.ActiveCfg = Debug|Any CPU
		{CBA44936-5D10-48F1-BE0D-AF49640A9DA8}.Debug|Any CPU.Build.0 = Debug|Any CPU
		{CBA44936-5D10-48F1-BE0D-AF49640A9DA8}.Release|Any CPU.ActiveCfg = Release|Any CPU
		{CBA44936-5D10-48F1-BE0D-AF49640A9DA8}.Release|Any CPU.Build.0 = Release|Any CPU
	EndGlobalSection
	GlobalSection(SolutionProperties) = preSolution
		HideSolutionNode = FALSE
	EndGlobalSection
	GlobalSection(ExtensibilityGlobals) = postSolution
		SolutionGuid = {AB940331-2866-4D2D-9FA9-C294E2BFD414}
	EndGlobalSection
EndGlobal
